
Microsoft Visual Studio Solution File, Format Version 12.00
# Visual Studio Version 17
VisualStudioVersion = 17.8.34408.163
MinimumVisualStudioVersion = 10.0.40219.1
Project("{FAE04EC0-301F-11D3-BF4B-00C04F79EFBC}") = "BiosVCProject", "BiosVCProject\BiosVCProject.csproj", "{C4CCF046-7531-4796-AE52-05A76B670556}"
EndProject
Global
	GlobalSection(SolutionConfigurationPlatforms) = preSolution
		Debug|Any CPU = Debug|Any CPU
		Release|Any CPU = Release|Any CPU
	EndGlobalSection
	GlobalSection(ProjectConfigurationPlatforms) = postSolution
		{C4CCF046-7531-4796-AE52-05A76B670556}.Debug|Any CPU.ActiveCfg = Debug|Any CPU
		{C4CCF046-7531-4796-AE52-05A76B670556}.Debug|Any CPU.Build.0 = Debug|Any CPU
		{C4CCF046-7531-4796-AE52-05A76B670556}.Release|Any CPU.ActiveCfg = Release|Any CPU
		{C4CCF046-7531-4796-AE52-05A76B670556}.Release|Any CPU.Build.0 = Release|Any CPU
	EndGlobalSection
	GlobalSection(SolutionProperties) = preSolution
		HideSolutionNode = FALSE
	EndGlobalSection
	GlobalSection(ExtensibilityGlobals) = postSolution
		SolutionGuid = {B8C3C01D-2227-48EA-96EB-FEE44F18584D}
	EndGlobalSection
EndGlobal
